// !$*UTF8*$!
{
	archiveVersion = 1;
	classes = {
	};
	objectVersion = 46;
	objects = {

/* Begin PBXBuildFile section */
		AEF8611A1AD9B24E0077ECBD /* MapKit.framework in Frameworks */ = {isa = PBXBuildFile; fileRef = AEF861191AD9B24E0077ECBD /* MapKit.framework */; };
		AEF8611C1AD9C00B0077ECBD /* CoreLocation.framework in Frameworks */ = {isa = PBXBuildFile; fileRef = AEF8611B1AD9C00B0077ECBD /* CoreLocation.framework */; };
		DB2A3C551AD9A663002505AC /* Post.m in Sources */ = {isa = PBXBuildFile; fileRef = DB2A3C541AD9A663002505AC /* Post.m */; };
		DB2A3C571AD9A6C1002505AC /* CoreData.framework in Frameworks */ = {isa = PBXBuildFile; fileRef = DB2A3C561AD9A6C1002505AC /* CoreData.framework */; };
		DB2A3C591AD9A700002505AC /* CoreData.framework in Embed Frameworks */ = {isa = PBXBuildFile; fileRef = DB2A3C561AD9A6C1002505AC /* CoreData.framework */; settings = {ATTRIBUTES = (CodeSignOnCopy, RemoveHeadersOnCopy, ); }; };
		DB2A3C601AD9A74C002505AC /* City.m in Sources */ = {isa = PBXBuildFile; fileRef = DB2A3C5F1AD9A74C002505AC /* City.m */; };
		DB4F5D901AD99933006FB982 /* main.m in Sources */ = {isa = PBXBuildFile; fileRef = DB4F5D8F1AD99933006FB982 /* main.m */; };
		DB4F5D931AD99933006FB982 /* AppDelegate.m in Sources */ = {isa = PBXBuildFile; fileRef = DB4F5D921AD99933006FB982 /* AppDelegate.m */; };
		DB4F5D961AD99933006FB982 /* localpost.xcdatamodeld in Sources */ = {isa = PBXBuildFile; fileRef = DB4F5D941AD99933006FB982 /* localpost.xcdatamodeld */; };
		DB4F5D991AD99933006FB982 /* ViewController.m in Sources */ = {isa = PBXBuildFile; fileRef = DB4F5D981AD99933006FB982 /* ViewController.m */; };
		DB4F5D9C1AD99933006FB982 /* Main.storyboard in Resources */ = {isa = PBXBuildFile; fileRef = DB4F5D9A1AD99933006FB982 /* Main.storyboard */; };
		DB4F5D9E1AD99933006FB982 /* Images.xcassets in Resources */ = {isa = PBXBuildFile; fileRef = DB4F5D9D1AD99933006FB982 /* Images.xcassets */; };
		DB4F5DA11AD99933006FB982 /* LaunchScreen.xib in Resources */ = {isa = PBXBuildFile; fileRef = DB4F5D9F1AD99933006FB982 /* LaunchScreen.xib */; };
		DB4F5DAD1AD99933006FB982 /* localpostTests.m in Sources */ = {isa = PBXBuildFile; fileRef = DB4F5DAC1AD99933006FB982 /* localpostTests.m */; };
/* End PBXBuildFile section */

/* Begin PBXContainerItemProxy section */
		DB4F5DA71AD99933006FB982 /* PBXContainerItemProxy */ = {
			isa = PBXContainerItemProxy;
			containerPortal = DB4F5D821AD99933006FB982 /* Project object */;
			proxyType = 1;
			remoteGlobalIDString = DB4F5D891AD99933006FB982;
			remoteInfo = localpost;
		};
/* End PBXContainerItemProxy section */

/* Begin PBXCopyFilesBuildPhase section */
		DB2A3C5A1AD9A700002505AC /* Embed Frameworks */ = {
			isa = PBXCopyFilesBuildPhase;
			buildActionMask = 2147483647;
			dstPath = "";
			dstSubfolderSpec = 10;
			files = (
				DB2A3C591AD9A700002505AC /* CoreData.framework in Embed Frameworks */,
			);
			name = "Embed Frameworks";
			runOnlyForDeploymentPostprocessing = 0;
		};
/* End PBXCopyFilesBuildPhase section */

/* Begin PBXFileReference section */
		AEF861191AD9B24E0077ECBD /* MapKit.framework */ = {isa = PBXFileReference; lastKnownFileType = wrapper.framework; name = MapKit.framework; path = System/Library/Frameworks/MapKit.framework; sourceTree = SDKROOT; };
		AEF8611B1AD9C00B0077ECBD /* CoreLocation.framework */ = {isa = PBXFileReference; lastKnownFileType = wrapper.framework; name = CoreLocation.framework; path = System/Library/Frameworks/CoreLocation.framework; sourceTree = SDKROOT; };
		DB2A3C531AD9A663002505AC /* Post.h */ = {isa = PBXFileReference; fileEncoding = 4; lastKnownFileType = sourcecode.c.h; path = Post.h; sourceTree = "<group>"; };
		DB2A3C541AD9A663002505AC /* Post.m */ = {isa = PBXFileReference; fileEncoding = 4; lastKnownFileType = sourcecode.c.objc; path = Post.m; sourceTree = "<group>"; };
		DB2A3C561AD9A6C1002505AC /* CoreData.framework */ = {isa = PBXFileReference; lastKnownFileType = wrapper.framework; name = CoreData.framework; path = System/Library/Frameworks/CoreData.framework; sourceTree = SDKROOT; };
		DB2A3C5E1AD9A74C002505AC /* City.h */ = {isa = PBXFileReference; fileEncoding = 4; lastKnownFileType = sourcecode.c.h; path = City.h; sourceTree = "<group>"; };
		DB2A3C5F1AD9A74C002505AC /* City.m */ = {isa = PBXFileReference; fileEncoding = 4; lastKnownFileType = sourcecode.c.objc; path = City.m; sourceTree = "<group>"; };
		DB4F5D8A1AD99933006FB982 /* localpost.app */ = {isa = PBXFileReference; explicitFileType = wrapper.application; includeInIndex = 0; path = localpost.app; sourceTree = BUILT_PRODUCTS_DIR; };
		DB4F5D8E1AD99933006FB982 /* Info.plist */ = {isa = PBXFileReference; lastKnownFileType = text.plist.xml; path = Info.plist; sourceTree = "<group>"; };
		DB4F5D8F1AD99933006FB982 /* main.m */ = {isa = PBXFileReference; lastKnownFileType = sourcecode.c.objc; path = main.m; sourceTree = "<group>"; };
		DB4F5D911AD99933006FB982 /* AppDelegate.h */ = {isa = PBXFileReference; lastKnownFileType = sourcecode.c.h; path = AppDelegate.h; sourceTree = "<group>"; };
		DB4F5D921AD99933006FB982 /* AppDelegate.m */ = {isa = PBXFileReference; lastKnownFileType = sourcecode.c.objc; path = AppDelegate.m; sourceTree = "<group>"; };
		DB4F5D951AD99933006FB982 /* localpost.xcdatamodel */ = {isa = PBXFileReference; lastKnownFileType = wrapper.xcdatamodel; path = localpost.xcdatamodel; sourceTree = "<group>"; };
		DB4F5D971AD99933006FB982 /* ViewController.h */ = {isa = PBXFileReference; lastKnownFileType = sourcecode.c.h; path = ViewController.h; sourceTree = "<group>"; };
		DB4F5D981AD99933006FB982 /* ViewController.m */ = {isa = PBXFileReference; lastKnownFileType = sourcecode.c.objc; path = ViewController.m; sourceTree = "<group>"; };
		DB4F5D9B1AD99933006FB982 /* Base */ = {isa = PBXFileReference; lastKnownFileType = file.storyboard; name = Base; path = Base.lproj/Main.storyboard; sourceTree = "<group>"; };
		DB4F5D9D1AD99933006FB982 /* Images.xcassets */ = {isa = PBXFileReference; lastKnownFileType = folder.assetcatalog; path = Images.xcassets; sourceTree = "<group>"; };
		DB4F5DA01AD99933006FB982 /* Base */ = {isa = PBXFileReference; lastKnownFileType = file.xib; name = Base; path = Base.lproj/LaunchScreen.xib; sourceTree = "<group>"; };
		DB4F5DA61AD99933006FB982 /* localpostTests.xctest */ = {isa = PBXFileReference; explicitFileType = wrapper.cfbundle; includeInIndex = 0; path = localpostTests.xctest; sourceTree = BUILT_PRODUCTS_DIR; };
		DB4F5DAB1AD99933006FB982 /* Info.plist */ = {isa = PBXFileReference; lastKnownFileType = text.plist.xml; path = Info.plist; sourceTree = "<group>"; };
		DB4F5DAC1AD99933006FB982 /* localpostTests.m */ = {isa = PBXFileReference; lastKnownFileType = sourcecode.c.objc; path = localpostTests.m; sourceTree = "<group>"; };
/* End PBXFileReference section */

/* Begin PBXFrameworksBuildPhase section */
		DB4F5D871AD99933006FB982 /* Frameworks */ = {
			isa = PBXFrameworksBuildPhase;
			buildActionMask = 2147483647;
			files = (
				AEF8611C1AD9C00B0077ECBD /* CoreLocation.framework in Frameworks */,
				AEF8611A1AD9B24E0077ECBD /* MapKit.framework in Frameworks */,
				DB2A3C571AD9A6C1002505AC /* CoreData.framework in Frameworks */,
			);
			runOnlyForDeploymentPostprocessing = 0;
		};
		DB4F5DA31AD99933006FB982 /* Frameworks */ = {
			isa = PBXFrameworksBuildPhase;
			buildActionMask = 2147483647;
			files = (
			);
			runOnlyForDeploymentPostprocessing = 0;
		};
/* End PBXFrameworksBuildPhase section */

/* Begin PBXGroup section */
		DB4F5D811AD99933006FB982 = {
			isa = PBXGroup;
			children = (
				AEF8611B1AD9C00B0077ECBD /* CoreLocation.framework */,
				AEF861191AD9B24E0077ECBD /* MapKit.framework */,
				DB2A3C561AD9A6C1002505AC /* CoreData.framework */,
				DB4F5D8C1AD99933006FB982 /* localpost */,
				DB4F5DA91AD99933006FB982 /* localpostTests */,
				DB4F5D8B1AD99933006FB982 /* Products */,
			);
			sourceTree = "<group>";
		};
		DB4F5D8B1AD99933006FB982 /* Products */ = {
			isa = PBXGroup;
			children = (
				DB4F5D8A1AD99933006FB982 /* localpost.app */,
				DB4F5DA61AD99933006FB982 /* localpostTests.xctest */,
			);
			name = Products;
			sourceTree = "<group>";
		};
		DB4F5D8C1AD99933006FB982 /* localpost */ = {
			isa = PBXGroup;
			children = (
				DB4F5D911AD99933006FB982 /* AppDelegate.h */,
				DB4F5D921AD99933006FB982 /* AppDelegate.m */,
				DB4F5D971AD99933006FB982 /* ViewController.h */,
				DB4F5D981AD99933006FB982 /* ViewController.m */,
				DB4F5D9A1AD99933006FB982 /* Main.storyboard */,
				DB4F5D9D1AD99933006FB982 /* Images.xcassets */,
				DB4F5D9F1AD99933006FB982 /* LaunchScreen.xib */,
				DB4F5D941AD99933006FB982 /* localpost.xcdatamodeld */,
				DB2A3C5E1AD9A74C002505AC /* City.h */,
				DB2A3C5F1AD9A74C002505AC /* City.m */,
				DB2A3C531AD9A663002505AC /* Post.h */,
				DB2A3C541AD9A663002505AC /* Post.m */,
				DB4F5D8D1AD99933006FB982 /* Supporting Files */,
			);
			path = localpost;
			sourceTree = "<group>";
		};
		DB4F5D8D1AD99933006FB982 /* Supporting Files */ = {
			isa = PBXGroup;
			children = (
				DB4F5D8E1AD99933006FB982 /* Info.plist */,
				DB4F5D8F1AD99933006FB982 /* main.m */,
			);
			name = "Supporting Files";
			sourceTree = "<group>";
		};
		DB4F5DA91AD99933006FB982 /* localpostTests */ = {
			isa = PBXGroup;
			children = (
				DB4F5DAC1AD99933006FB982 /* localpostTests.m */,
				DB4F5DAA1AD99933006FB982 /* Supporting Files */,
			);
			path = localpostTests;
			sourceTree = "<group>";
		};
		DB4F5DAA1AD99933006FB982 /* Supporting Files */ = {
			isa = PBXGroup;
			children = (
				DB4F5DAB1AD99933006FB982 /* Info.plist */,
			);
			name = "Supporting Files";
			sourceTree = "<group>";
		};
/* End PBXGroup section */

/* Begin PBXNativeTarget section */
		DB4F5D891AD99933006FB982 /* localpost */ = {
			isa = PBXNativeTarget;
			buildConfigurationList = DB4F5DB01AD99933006FB982 /* Build configuration list for PBXNativeTarget "localpost" */;
			buildPhases = (
				DB4F5D861AD99933006FB982 /* Sources */,
				DB4F5D871AD99933006FB982 /* Frameworks */,
				DB4F5D881AD99933006FB982 /* Resources */,
				DB2A3C5A1AD9A700002505AC /* Embed Frameworks */,
			);
			buildRules = (
			);
			dependencies = (
			);
			name = localpost;
			productName = localpost;
			productReference = DB4F5D8A1AD99933006FB982 /* localpost.app */;
			productType = "com.apple.product-type.application";
		};
		DB4F5DA51AD99933006FB982 /* localpostTests */ = {
			isa = PBXNativeTarget;
			buildConfigurationList = DB4F5DB31AD99933006FB982 /* Build configuration list for PBXNativeTarget "localpostTests" */;
			buildPhases = (
				DB4F5DA21AD99933006FB982 /* Sources */,
				DB4F5DA31AD99933006FB982 /* Frameworks */,
				DB4F5DA41AD99933006FB982 /* Resources */,
			);
			buildRules = (
			);
			dependencies = (
				DB4F5DA81AD99933006FB982 /* PBXTargetDependency */,
			);
			name = localpostTests;
			productName = localpostTests;
			productReference = DB4F5DA61AD99933006FB982 /* localpostTests.xctest */;
			productType = "com.apple.product-type.bundle.unit-test";
		};
/* End PBXNativeTarget section */

/* Begin PBXProject section */
		DB4F5D821AD99933006FB982 /* Project object */ = {
			isa = PBXProject;
			attributes = {
				LastUpgradeCheck = 0630;
				ORGANIZATIONNAME = "Roger Zou";
				TargetAttributes = {
					DB4F5D891AD99933006FB982 = {
						CreatedOnToolsVersion = 6.3;
						SystemCapabilities = {
							com.apple.Maps.iOS = {
								enabled = 1;
							};
						};
					};
					DB4F5DA51AD99933006FB982 = {
						CreatedOnToolsVersion = 6.3;
						TestTargetID = DB4F5D891AD99933006FB982;
					};
				};
			};
			buildConfigurationList = DB4F5D851AD99933006FB982 /* Build configuration list for PBXProject "localpost" */;
			compatibilityVersion = "Xcode 3.2";
			developmentRegion = English;
			hasScannedForEncodings = 0;
			knownRegions = (
				en,
				Base,
			);
			mainGroup = DB4F5D811AD99933006FB982;
			productRefGroup = DB4F5D8B1AD99933006FB982 /* Products */;
			projectDirPath = "";
			projectRoot = "";
			targets = (
				DB4F5D891AD99933006FB982 /* localpost */,
				DB4F5DA51AD99933006FB982 /* localpostTests */,
			);
		};
/* End PBXProject section */

/* Begin PBXResourcesBuildPhase section */
		DB4F5D881AD99933006FB982 /* Resources */ = {
			isa = PBXResourcesBuildPhase;
			buildActionMask = 2147483647;
			files = (
				DB4F5D9C1AD99933006FB982 /* Main.storyboard in Resources */,
				DB4F5DA11AD99933006FB982 /* LaunchScreen.xib in Resources */,
				DB4F5D9E1AD99933006FB982 /* Images.xcassets in Resources */,
			);
			runOnlyForDeploymentPostprocessing = 0;
		};
		DB4F5DA41AD99933006FB982 /* Resources */ = {
			isa = PBXResourcesBuildPhase;
			buildActionMask = 2147483647;
			files = (
			);
			runOnlyForDeploymentPostprocessing = 0;
		};
/* End PBXResourcesBuildPhase section */

/* Begin PBXSourcesBuildPhase section */
		DB4F5D861AD99933006FB982 /* Sources */ = {
			isa = PBXSourcesBuildPhase;
			buildActionMask = 2147483647;
			files = (
				DB4F5D961AD99933006FB982 /* localpost.xcdatamodeld in Sources */,
				DB2A3C551AD9A663002505AC /* Post.m in Sources */,
				DB2A3C601AD9A74C002505AC /* City.m in Sources */,
				DB4F5D931AD99933006FB982 /* AppDelegate.m in Sources */,
				DB4F5D991AD99933006FB982 /* ViewController.m in Sources */,
				DB4F5D901AD99933006FB982 /* main.m in Sources */,
			);
			runOnlyForDeploymentPostprocessing = 0;
		};
		DB4F5DA21AD99933006FB982 /* Sources */ = {
			isa = PBXSourcesBuildPhase;
			buildActionMask = 2147483647;
			files = (
				DB4F5DAD1AD99933006FB982 /* localpostTests.m in Sources */,
			);
			runOnlyForDeploymentPostprocessing = 0;
		};
/* End PBXSourcesBuildPhase section */

/* Begin PBXTargetDependency section */
		DB4F5DA81AD99933006FB982 /* PBXTargetDependency */ = {
			isa = PBXTargetDependency;
			target = DB4F5D891AD99933006FB982 /* localpost */;
			targetProxy = DB4F5DA71AD99933006FB982 /* PBXContainerItemProxy */;
		};
/* End PBXTargetDependency section */

/* Begin PBXVariantGroup section */
		DB4F5D9A1AD99933006FB982 /* Main.storyboard */ = {
			isa = PBXVariantGroup;
			children = (
				DB4F5D9B1AD99933006FB982 /* Base */,
			);
			name = Main.storyboard;
			sourceTree = "<group>";
		};
		DB4F5D9F1AD99933006FB982 /* LaunchScreen.xib */ = {
			isa = PBXVariantGroup;
			children = (
				DB4F5DA01AD99933006FB982 /* Base */,
			);
			name = LaunchScreen.xib;
			sourceTree = "<group>";
		};
/* End PBXVariantGroup section */

/* Begin XCBuildConfiguration section */
		DB4F5DAE1AD99933006FB982 /* Debug */ = {
			isa = XCBuildConfiguration;
			buildSettings = {
				ALWAYS_SEARCH_USER_PATHS = NO;
				CLANG_CXX_LANGUAGE_STANDARD = "gnu++0x";
				CLANG_CXX_LIBRARY = "libc++";
				CLANG_ENABLE_MODULES = YES;
				CLANG_ENABLE_OBJC_ARC = YES;
				CLANG_WARN_BOOL_CONVERSION = YES;
				CLANG_WARN_CONSTANT_CONVERSION = YES;
				CLANG_WARN_DIRECT_OBJC_ISA_USAGE = YES_ERROR;
				CLANG_WARN_EMPTY_BODY = YES;
				CLANG_WARN_ENUM_CONVERSION = YES;
				CLANG_WARN_INT_CONVERSION = YES;
				CLANG_WARN_OBJC_ROOT_CLASS = YES_ERROR;
				CLANG_WARN_UNREACHABLE_CODE = YES;
				CLANG_WARN__DUPLICATE_METHOD_MATCH = YES;
				"CODE_SIGN_IDENTITY[sdk=iphoneos*]" = "iPhone Developer";
				COPY_PHASE_STRIP = NO;
				DEBUG_INFORMATION_FORMAT = "dwarf-with-dsym";
				ENABLE_STRICT_OBJC_MSGSEND = YES;
				GCC_C_LANGUAGE_STANDARD = gnu99;
				GCC_DYNAMIC_NO_PIC = NO;
				GCC_NO_COMMON_BLOCKS = YES;
				GCC_OPTIMIZATION_LEVEL = 0;
				GCC_PREPROCESSOR_DEFINITIONS = (
					"DEBUG=1",
					"$(inherited)",
				);
				GCC_SYMBOLS_PRIVATE_EXTERN = NO;
				GCC_WARN_64_TO_32_BIT_CONVERSION = YES;
				GCC_WARN_ABOUT_RETURN_TYPE = YES_ERROR;
				GCC_WARN_UNDECLARED_SELECTOR = YES;
				GCC_WARN_UNINITIALIZED_AUTOS = YES_AGGRESSIVE;
				GCC_WARN_UNUSED_FUNCTION = YES;
				GCC_WARN_UNUSED_VARIABLE = YES;
				IPHONEOS_DEPLOYMENT_TARGET = 8.3;
				MTL_ENABLE_DEBUG_INFO = YES;
				ONLY_ACTIVE_ARCH = YES;
				SDKROOT = iphoneos;
				TARGETED_DEVICE_FAMILY = "1,2";
			};
			name = Debug;
		};
		DB4F5DAF1AD99933006FB982 /* Release */ = {
			isa = XCBuildConfiguration;
			buildSettings = {
				ALWAYS_SEARCH_USER_PATHS = NO;
				CLANG_CXX_LANGUAGE_STANDARD = "gnu++0x";
				CLANG_CXX_LIBRARY = "libc++";
				CLANG_ENABLE_MODULES = YES;
				CLANG_ENABLE_OBJC_ARC = YES;
				CLANG_WARN_BOOL_CONVERSION = YES;
				CLANG_WARN_CONSTANT_CONVERSION = YES;
				CLANG_WARN_DIRECT_OBJC_ISA_USAGE = YES_ERROR;
				CLANG_WARN_EMPTY_BODY = YES;
				CLANG_WARN_ENUM_CONVERSION = YES;
				CLANG_WARN_INT_CONVERSION = YES;
				CLANG_WARN_OBJC_ROOT_CLASS = YES_ERROR;
				CLANG_WARN_UNREACHABLE_CODE = YES;
				CLANG_WARN__DUPLICATE_METHOD_MATCH = YES;
				"CODE_SIGN_IDENTITY[sdk=iphoneos*]" = "iPhone Developer";
				COPY_PHASE_STRIP = NO;
				DEBUG_INFORMATION_FORMAT = "dwarf-with-dsym";
				ENABLE_NS_ASSERTIONS = NO;
				ENABLE_STRICT_OBJC_MSGSEND = YES;
				GCC_C_LANGUAGE_STANDARD = gnu99;
				GCC_NO_COMMON_BLOCKS = YES;
				GCC_WARN_64_TO_32_BIT_CONVERSION = YES;
				GCC_WARN_ABOUT_RETURN_TYPE = YES_ERROR;
				GCC_WARN_UNDECLARED_SELECTOR = YES;
				GCC_WARN_UNINITIALIZED_AUTOS = YES_AGGRESSIVE;
				GCC_WARN_UNUSED_FUNCTION = YES;
				GCC_WARN_UNUSED_VARIABLE = YES;
				IPHONEOS_DEPLOYMENT_TARGET = 8.3;
				MTL_ENABLE_DEBUG_INFO = NO;
				SDKROOT = iphoneos;
				TARGETED_DEVICE_FAMILY = "1,2";
				VALIDATE_PRODUCT = YES;
			};
			name = Release;
		};
		DB4F5DB11AD99933006FB982 /* Debug */ = {
			isa = XCBuildConfiguration;
			buildSettings = {
				ASSETCATALOG_COMPILER_APPICON_NAME = AppIcon;
				INFOPLIST_FILE = localpost/Info.plist;
				LD_RUNPATH_SEARCH_PATHS = "$(inherited) @executable_path/Frameworks";
				PRODUCT_NAME = "$(TARGET_NAME)";
			};
			name = Debug;
		};
		DB4F5DB21AD99933006FB982 /* Release */ = {
			isa = XCBuildConfiguration;
			buildSettings = {
				ASSETCATALOG_COMPILER_APPICON_NAME = AppIcon;
				INFOPLIST_FILE = localpost/Info.plist;
				LD_RUNPATH_SEARCH_PATHS = "$(inherited) @executable_path/Frameworks";
				PRODUCT_NAME = "$(TARGET_NAME)";
			};
			name = Release;
		};
		DB4F5DB41AD99933006FB982 /* Debug */ = {
			isa = XCBuildConfiguration;
			buildSettings = {
				BUNDLE_LOADER = "$(TEST_HOST)";
				FRAMEWORK_SEARCH_PATHS = (
					"$(SDKROOT)/Developer/Library/Frameworks",
					"$(inherited)",
				);
				GCC_PREPROCESSOR_DEFINITIONS = (
					"DEBUG=1",
					"$(inherited)",
				);
				INFOPLIST_FILE = localpostTests/Info.plist;
				LD_RUNPATH_SEARCH_PATHS = "$(inherited) @executable_path/Frameworks @loader_path/Frameworks";
				PRODUCT_NAME = "$(TARGET_NAME)";
				TEST_HOST = "$(BUILT_PRODUCTS_DIR)/localpost.app/localpost";
			};
			name = Debug;
		};
		DB4F5DB51AD99933006FB982 /* Release */ = {
			isa = XCBuildConfiguration;
			buildSettings = {
				BUNDLE_LOADER = "$(TEST_HOST)";
				FRAMEWORK_SEARCH_PATHS = (
					"$(SDKROOT)/Developer/Library/Frameworks",
					"$(inherited)",
				);
				INFOPLIST_FILE = localpostTests/Info.plist;
				LD_RUNPATH_SEARCH_PATHS = "$(inherited) @executable_path/Frameworks @loader_path/Frameworks";
				PRODUCT_NAME = "$(TARGET_NAME)";
				TEST_HOST = "$(BUILT_PRODUCTS_DIR)/localpost.app/localpost";
			};
			name = Release;
		};
/* End XCBuildConfiguration section */

/* Begin XCConfigurationList section */
		DB4F5D851AD99933006FB982 /* Build configuration list for PBXProject "localpost" */ = {
			isa = XCConfigurationList;
			buildConfigurations = (
				DB4F5DAE1AD99933006FB982 /* Debug */,
				DB4F5DAF1AD99933006FB982 /* Release */,
			);
			defaultConfigurationIsVisible = 0;
			defaultConfigurationName = Release;
		};
		DB4F5DB01AD99933006FB982 /* Build configuration list for PBXNativeTarget "localpost" */ = {
			isa = XCConfigurationList;
			buildConfigurations = (
				DB4F5DB11AD99933006FB982 /* Debug */,
				DB4F5DB21AD99933006FB982 /* Release */,
			);
			defaultConfigurationIsVisible = 0;
			defaultConfigurationName = Release;
		};
		DB4F5DB31AD99933006FB982 /* Build configuration list for PBXNativeTarget "localpostTests" */ = {
			isa = XCConfigurationList;
			buildConfigurations = (
				DB4F5DB41AD99933006FB982 /* Debug */,
				DB4F5DB51AD99933006FB982 /* Release */,
			);
			defaultConfigurationIsVisible = 0;
			defaultConfigurationName = Release;
		};
/* End XCConfigurationList section */

/* Begin XCVersionGroup section */
		DB4F5D941AD99933006FB982 /* localpost.xcdatamodeld */ = {
			isa = XCVersionGroup;
			children = (
				DB4F5D951AD99933006FB982 /* localpost.xcdatamodel */,
			);
			currentVersion = DB4F5D951AD99933006FB982 /* localpost.xcdatamodel */;
			path = localpost.xcdatamodeld;
			sourceTree = "<group>";
			versionGroupType = wrapper.xcdatamodel;
		};
/* End XCVersionGroup section */
	};
	rootObject = DB4F5D821AD99933006FB982 /* Project object */;
}
